
Microsoft Visual Studio Solution File, Format Version 11.00
# Visual Studio 2010
Project("{2150E333-8FDC-42A3-9474-1A3956D46DE8}") = "Solution Items", "Solution Items", "{C977C9DA-86F2-4F97-8AE9-A53D72118607}"
	ProjectSection(SolutionItems) = preProject
		build.bat = build.bat
		build.fsx = build.fsx
		naturalspec.nuspec = naturalspec.nuspec
	EndProjectSection
EndProject
Project("{2150E333-8FDC-42A3-9474-1A3956D46DE8}") = "Samples", "Samples", "{BCD0950D-A360-45D4-B4B0-DF97D2689FFC}"
EndProject
Project("{2150E333-8FDC-42A3-9474-1A3956D46DE8}") = "CarSelling", "CarSelling", "{8D5A9F6A-D0A4-4C13-A4C4-84DC0E9A91DA}"
EndProject
Project("{2150E333-8FDC-42A3-9474-1A3956D46DE8}") = "OrderProcessing", "OrderProcessing", "{E3F5C6C1-F50A-44EC-8037-C05068F4FA31}"
EndProject
Project("{F2A71F9B-5D33-465A-A702-920D77279786}") = "Spec.NaturalSpec", "src\test\Spec.NaturalSpec\Spec.NaturalSpec.fsproj", "{D319E1AA-68BF-4932-9268-859AEAE0EA61}"
EndProject
Project("{FAE04EC0-301F-11D3-BF4B-00C04F79EFBC}") = "CarSellingLib", "src\test\CarSellingLib\CarSellingLib.csproj", "{BD004EA1-3738-49C2-A139-CDBF25886033}"
EndProject
Project("{F2A71F9B-5D33-465A-A702-920D77279786}") = "Spec.CarSellingLib", "src\test\Spec.CarSellingLib\Spec.CarSellingLib.fsproj", "{17626BC2-8E11-4527-A356-EE71ED95E39D}"
EndProject
Project("{FAE04EC0-301F-11D3-BF4B-00C04F79EFBC}") = "OrderProcessingLib", "src\test\OrderProcessingLib\OrderProcessingLib.csproj", "{FAAB52DA-DF1D-486C-BFA2-4A36E16B1861}"
EndProject
Project("{F2A71F9B-5D33-465A-A702-920D77279786}") = "Spec.OrderProcessingLib", "src\test\Spec.OrderProcessingLib\Spec.OrderProcessingLib.fsproj", "{12E106D5-1621-4EA5-8102-A47653E49D38}"
EndProject
Project("{FAE04EC0-301F-11D3-BF4B-00C04F79EFBC}") = "Test.ScenarioSource", "src\test\Test.ScenarioSource\Test.ScenarioSource.csproj", "{6C8F2454-131A-4592-ADEC-DA1818D9C387}"
EndProject
Project("{F2A71F9B-5D33-465A-A702-920D77279786}") = "NaturalSpec", "src\app\NaturalSpec\NaturalSpec.fsproj", "{3019240D-BBD3-4951-9C5E-4B343638BD4B}"
EndProject
Project("{2150E333-8FDC-42A3-9474-1A3956D46DE8}") = "Euler", "Euler", "{21C35F5D-07C3-4B42-9B86-33D85C3BC7B9}"
EndProject
Project("{F2A71F9B-5D33-465A-A702-920D77279786}") = "Spec.Euler", "src\test\Spec.Euler\Spec.Euler.fsproj", "{9848D638-8B92-44F7-B19B-E1223E93D625}"
EndProject
Project("{2150E333-8FDC-42A3-9474-1A3956D46DE8}") = "Kata", "Kata", "{D86C8AE6-3344-4922-A742-99B707FAAEC7}"
EndProject
Project("{F2A71F9B-5D33-465A-A702-920D77279786}") = "Spec.KataYahtzee", "src\test\Spec.KataYahtzee\Spec.KataYahtzee.fsproj", "{A7F81D5C-4BCA-44DD-932A-36BD88ADB19A}"
EndProject
Project("{F2A71F9B-5D33-465A-A702-920D77279786}") = "Spec.KataFizzBuzz", "src\test\Spec.KataFizzBuzz\Spec.KataFizzBuzz.fsproj", "{691EB18C-A8A9-426A-BE4E-7D42D05291AE}"
EndProject
Project("{2150E333-8FDC-42A3-9474-1A3956D46DE8}") = "Mocking", "Mocking", "{5F2E8CC1-2D02-46EC-BC2D-27A3D6551F7C}"
EndProject
Project("{2150E333-8FDC-42A3-9474-1A3956D46DE8}") = "Store", "Store", "{F18A2684-391C-4537-BEBA-C688286A69B3}"
EndProject
Project("{FAE04EC0-301F-11D3-BF4B-00C04F79EFBC}") = "StoreSample", "src\test\StoreSample\StoreSample.csproj", "{48B72B94-6AF8-4A38-8FB4-86C95732192F}"
EndProject
Project("{F2A71F9B-5D33-465A-A702-920D77279786}") = "Spec.StoreSample", "src\test\Spec.StoreSample\Spec.StoreSample.fsproj", "{0ACC9807-1967-4137-B1AA-7ECC172E0BF5}"
EndProject
Project("{2150E333-8FDC-42A3-9474-1A3956D46DE8}") = "Articles", "Articles", "{7D084DA7-8BE8-4D80-B431-933D94C3024E}"
EndProject
Project("{FAE04EC0-301F-11D3-BF4B-00C04F79EFBC}") = "Articles", "src\test\Articles\Articles.csproj", "{7E8D49C0-E2D6-4ED3-8185-EA1E98649565}"
EndProject
Project("{F2A71F9B-5D33-465A-A702-920D77279786}") = "Spec.Articles", "src\test\Spec.Articles\Spec.Articles.fsproj", "{D6B349E0-C610-449E-AFE9-1FEF49F11F45}"
EndProject
Project("{F2A71F9B-5D33-465A-A702-920D77279786}") = "Spec.KataTennis", "src\test\Spec.KataTennis\Spec.KataTennis.fsproj", "{FC2D5EB6-E37F-46B7-A3E6-374CBA380153}"
EndProject
Project("{2150E333-8FDC-42A3-9474-1A3956D46DE8}") = "NuGetContent", "NuGetContent", "{0E93F529-944F-42FC-9A4D-F43875F17540}"
	ProjectSection(SolutionItems) = preProject
		NuGetContent\Sample.fs.pp = NuGetContent\Sample.fs.pp
	EndProjectSection
EndProject
Global
	GlobalSection(SolutionConfigurationPlatforms) = preSolution
		Debug|Any CPU = Debug|Any CPU
		Debug|Mixed Platforms = Debug|Mixed Platforms
		Debug|x86 = Debug|x86
		Release|Any CPU = Release|Any CPU
		Release|Mixed Platforms = Release|Mixed Platforms
		Release|x86 = Release|x86
	EndGlobalSection
	GlobalSection(ProjectConfigurationPlatforms) = postSolution
		{D319E1AA-68BF-4932-9268-859AEAE0EA61}.Debug|Any CPU.ActiveCfg = Debug|Any CPU
		{D319E1AA-68BF-4932-9268-859AEAE0EA61}.Debug|Any CPU.Build.0 = Debug|Any CPU
		{D319E1AA-68BF-4932-9268-859AEAE0EA61}.Debug|Mixed Platforms.ActiveCfg = Debug|Any CPU
		{D319E1AA-68BF-4932-9268-859AEAE0EA61}.Debug|Mixed Platforms.Build.0 = Debug|Any CPU
		{D319E1AA-68BF-4932-9268-859AEAE0EA61}.Debug|x86.ActiveCfg = Debug|Any CPU
		{D319E1AA-68BF-4932-9268-859AEAE0EA61}.Debug|x86.Build.0 = Debug|Any CPU
		{D319E1AA-68BF-4932-9268-859AEAE0EA61}.Release|Any CPU.ActiveCfg = Release|Any CPU
		{D319E1AA-68BF-4932-9268-859AEAE0EA61}.Release|Any CPU.Build.0 = Release|Any CPU
		{D319E1AA-68BF-4932-9268-859AEAE0EA61}.Release|Mixed Platforms.ActiveCfg = Release|Any CPU
		{D319E1AA-68BF-4932-9268-859AEAE0EA61}.Release|Mixed Platforms.Build.0 = Release|Any CPU
		{D319E1AA-68BF-4932-9268-859AEAE0EA61}.Release|x86.ActiveCfg = Release|Any CPU
		{BD004EA1-3738-49C2-A139-CDBF25886033}.Debug|Any CPU.ActiveCfg = Debug|Any CPU
		{BD004EA1-3738-49C2-A139-CDBF25886033}.Debug|Any CPU.Build.0 = Debug|Any CPU
		{BD004EA1-3738-49C2-A139-CDBF25886033}.Debug|Mixed Platforms.ActiveCfg = Debug|Any CPU
		{BD004EA1-3738-49C2-A139-CDBF25886033}.Debug|Mixed Platforms.Build.0 = Debug|Any CPU
		{BD004EA1-3738-49C2-A139-CDBF25886033}.Debug|x86.ActiveCfg = Debug|Any CPU
		{BD004EA1-3738-49C2-A139-CDBF25886033}.Debug|x86.Build.0 = Debug|Any CPU
		{BD004EA1-3738-49C2-A139-CDBF25886033}.Release|Any CPU.ActiveCfg = Release|Any CPU
		{BD004EA1-3738-49C2-A139-CDBF25886033}.Release|Any CPU.Build.0 = Release|Any CPU
		{BD004EA1-3738-49C2-A139-CDBF25886033}.Release|Mixed Platforms.ActiveCfg = Release|Any CPU
		{BD004EA1-3738-49C2-A139-CDBF25886033}.Release|Mixed Platforms.Build.0 = Release|Any CPU
		{BD004EA1-3738-49C2-A139-CDBF25886033}.Release|x86.ActiveCfg = Release|Any CPU
		{17626BC2-8E11-4527-A356-EE71ED95E39D}.Debug|Any CPU.ActiveCfg = Debug|Any CPU
		{17626BC2-8E11-4527-A356-EE71ED95E39D}.Debug|Any CPU.Build.0 = Debug|Any CPU
		{17626BC2-8E11-4527-A356-EE71ED95E39D}.Debug|Mixed Platforms.ActiveCfg = Debug|Any CPU
		{17626BC2-8E11-4527-A356-EE71ED95E39D}.Debug|Mixed Platforms.Build.0 = Debug|Any CPU
		{17626BC2-8E11-4527-A356-EE71ED95E39D}.Debug|x86.ActiveCfg = Debug|Any CPU
		{17626BC2-8E11-4527-A356-EE71ED95E39D}.Debug|x86.Build.0 = Debug|Any CPU
		{17626BC2-8E11-4527-A356-EE71ED95E39D}.Release|Any CPU.ActiveCfg = Release|Any CPU
		{17626BC2-8E11-4527-A356-EE71ED95E39D}.Release|Any CPU.Build.0 = Release|Any CPU
		{17626BC2-8E11-4527-A356-EE71ED95E39D}.Release|Mixed Platforms.ActiveCfg = Release|Any CPU
		{17626BC2-8E11-4527-A356-EE71ED95E39D}.Release|Mixed Platforms.Build.0 = Release|Any CPU
		{17626BC2-8E11-4527-A356-EE71ED95E39D}.Release|x86.ActiveCfg = Release|Any CPU
		{FAAB52DA-DF1D-486C-BFA2-4A36E16B1861}.Debug|Any CPU.ActiveCfg = Debug|Any CPU
		{FAAB52DA-DF1D-486C-BFA2-4A36E16B1861}.Debug|Any CPU.Build.0 = Debug|Any CPU
		{FAAB52DA-DF1D-486C-BFA2-4A36E16B1861}.Debug|Mixed Platforms.ActiveCfg = Debug|Any CPU
		{FAAB52DA-DF1D-486C-BFA2-4A36E16B1861}.Debug|Mixed Platforms.Build.0 = Debug|Any CPU
		{FAAB52DA-DF1D-486C-BFA2-4A36E16B1861}.Debug|x86.ActiveCfg = Debug|Any CPU
		{FAAB52DA-DF1D-486C-BFA2-4A36E16B1861}.Debug|x86.Build.0 = Debug|Any CPU
		{FAAB52DA-DF1D-486C-BFA2-4A36E16B1861}.Release|Any CPU.ActiveCfg = Release|Any CPU
		{FAAB52DA-DF1D-486C-BFA2-4A36E16B1861}.Release|Any CPU.Build.0 = Release|Any CPU
		{FAAB52DA-DF1D-486C-BFA2-4A36E16B1861}.Release|Mixed Platforms.ActiveCfg = Release|Any CPU
		{FAAB52DA-DF1D-486C-BFA2-4A36E16B1861}.Release|Mixed Platforms.Build.0 = Release|Any CPU
		{FAAB52DA-DF1D-486C-BFA2-4A36E16B1861}.Release|x86.ActiveCfg = Release|Any CPU
		{12E106D5-1621-4EA5-8102-A47653E49D38}.Debug|Any CPU.ActiveCfg = Debug|Any CPU
		{12E106D5-1621-4EA5-8102-A47653E49D38}.Debug|Any CPU.Build.0 = Debug|Any CPU
		{12E106D5-1621-4EA5-8102-A47653E49D38}.Debug|Mixed Platforms.ActiveCfg = Debug|Any CPU
		{12E106D5-1621-4EA5-8102-A47653E49D38}.Debug|Mixed Platforms.Build.0 = Debug|Any CPU
		{12E106D5-1621-4EA5-8102-A47653E49D38}.Debug|x86.ActiveCfg = Debug|Any CPU
		{12E106D5-1621-4EA5-8102-A47653E49D38}.Debug|x86.Build.0 = Debug|Any CPU
		{12E106D5-1621-4EA5-8102-A47653E49D38}.Release|Any CPU.ActiveCfg = Release|Any CPU
		{12E106D5-1621-4EA5-8102-A47653E49D38}.Release|Any CPU.Build.0 = Release|Any CPU
		{12E106D5-1621-4EA5-8102-A47653E49D38}.Release|Mixed Platforms.ActiveCfg = Release|Any CPU
		{12E106D5-1621-4EA5-8102-A47653E49D38}.Release|Mixed Platforms.Build.0 = Release|Any CPU
		{12E106D5-1621-4EA5-8102-A47653E49D38}.Release|x86.ActiveCfg = Release|Any CPU
		{6C8F2454-131A-4592-ADEC-DA1818D9C387}.Debug|Any CPU.ActiveCfg = Debug|x86
		{6C8F2454-131A-4592-ADEC-DA1818D9C387}.Debug|Mixed Platforms.ActiveCfg = Debug|x86
		{6C8F2454-131A-4592-ADEC-DA1818D9C387}.Debug|Mixed Platforms.Build.0 = Debug|x86
		{6C8F2454-131A-4592-ADEC-DA1818D9C387}.Debug|x86.ActiveCfg = Debug|x86
		{6C8F2454-131A-4592-ADEC-DA1818D9C387}.Debug|x86.Build.0 = Debug|x86
		{6C8F2454-131A-4592-ADEC-DA1818D9C387}.Release|Any CPU.ActiveCfg = Release|x86
		{6C8F2454-131A-4592-ADEC-DA1818D9C387}.Release|Mixed Platforms.ActiveCfg = Release|x86
		{6C8F2454-131A-4592-ADEC-DA1818D9C387}.Release|Mixed Platforms.Build.0 = Release|x86
		{6C8F2454-131A-4592-ADEC-DA1818D9C387}.Release|x86.ActiveCfg = Release|x86
		{6C8F2454-131A-4592-ADEC-DA1818D9C387}.Release|x86.Build.0 = Release|x86
		{3019240D-BBD3-4951-9C5E-4B343638BD4B}.Debug|Any CPU.ActiveCfg = Debug|Any CPU
		{3019240D-BBD3-4951-9C5E-4B343638BD4B}.Debug|Any CPU.Build.0 = Debug|Any CPU
		{3019240D-BBD3-4951-9C5E-4B343638BD4B}.Debug|Mixed Platforms.ActiveCfg = Debug|Any CPU
		{3019240D-BBD3-4951-9C5E-4B343638BD4B}.Debug|Mixed Platforms.Build.0 = Debug|Any CPU
		{3019240D-BBD3-4951-9C5E-4B343638BD4B}.Debug|x86.ActiveCfg = Debug|Any CPU
		{3019240D-BBD3-4951-9C5E-4B343638BD4B}.Debug|x86.Build.0 = Debug|Any CPU
		{3019240D-BBD3-4951-9C5E-4B343638BD4B}.Release|Any CPU.ActiveCfg = Release|Any CPU
		{3019240D-BBD3-4951-9C5E-4B343638BD4B}.Release|Any CPU.Build.0 = Release|Any CPU
		{3019240D-BBD3-4951-9C5E-4B343638BD4B}.Release|Mixed Platforms.ActiveCfg = Release|Any CPU
		{3019240D-BBD3-4951-9C5E-4B343638BD4B}.Release|Mixed Platforms.Build.0 = Release|Any CPU
		{3019240D-BBD3-4951-9C5E-4B343638BD4B}.Release|x86.ActiveCfg = Release|Any CPU
		{9848D638-8B92-44F7-B19B-E1223E93D625}.Debug|Any CPU.ActiveCfg = Debug|Any CPU
		{9848D638-8B92-44F7-B19B-E1223E93D625}.Debug|Any CPU.Build.0 = Debug|Any CPU
		{9848D638-8B92-44F7-B19B-E1223E93D625}.Debug|Mixed Platforms.ActiveCfg = Debug|Any CPU
		{9848D638-8B92-44F7-B19B-E1223E93D625}.Debug|Mixed Platforms.Build.0 = Debug|Any CPU
		{9848D638-8B92-44F7-B19B-E1223E93D625}.Debug|x86.ActiveCfg = Debug|Any CPU
		{9848D638-8B92-44F7-B19B-E1223E93D625}.Debug|x86.Build.0 = Debug|Any CPU
		{9848D638-8B92-44F7-B19B-E1223E93D625}.Release|Any CPU.ActiveCfg = Release|Any CPU
		{9848D638-8B92-44F7-B19B-E1223E93D625}.Release|Any CPU.Build.0 = Release|Any CPU
		{9848D638-8B92-44F7-B19B-E1223E93D625}.Release|Mixed Platforms.ActiveCfg = Release|Any CPU
		{9848D638-8B92-44F7-B19B-E1223E93D625}.Release|Mixed Platforms.Build.0 = Release|Any CPU
		{9848D638-8B92-44F7-B19B-E1223E93D625}.Release|x86.ActiveCfg = Release|Any CPU
		{A7F81D5C-4BCA-44DD-932A-36BD88ADB19A}.Debug|Any CPU.ActiveCfg = Debug|Any CPU
		{A7F81D5C-4BCA-44DD-932A-36BD88ADB19A}.Debug|Any CPU.Build.0 = Debug|Any CPU
		{A7F81D5C-4BCA-44DD-932A-36BD88ADB19A}.Debug|Mixed Platforms.ActiveCfg = Debug|Any CPU
		{A7F81D5C-4BCA-44DD-932A-36BD88ADB19A}.Debug|Mixed Platforms.Build.0 = Debug|Any CPU
		{A7F81D5C-4BCA-44DD-932A-36BD88ADB19A}.Debug|x86.ActiveCfg = Debug|Any CPU
		{A7F81D5C-4BCA-44DD-932A-36BD88ADB19A}.Debug|x86.Build.0 = Debug|Any CPU
		{A7F81D5C-4BCA-44DD-932A-36BD88ADB19A}.Release|Any CPU.ActiveCfg = Release|Any CPU
		{A7F81D5C-4BCA-44DD-932A-36BD88ADB19A}.Release|Any CPU.Build.0 = Release|Any CPU
		{A7F81D5C-4BCA-44DD-932A-36BD88ADB19A}.Release|Mixed Platforms.ActiveCfg = Release|Any CPU
		{A7F81D5C-4BCA-44DD-932A-36BD88ADB19A}.Release|Mixed Platforms.Build.0 = Release|Any CPU
		{A7F81D5C-4BCA-44DD-932A-36BD88ADB19A}.Release|x86.ActiveCfg = Release|Any CPU
		{691EB18C-A8A9-426A-BE4E-7D42D05291AE}.Debug|Any CPU.ActiveCfg = Debug|Any CPU
		{691EB18C-A8A9-426A-BE4E-7D42D05291AE}.Debug|Any CPU.Build.0 = Debug|Any CPU
		{691EB18C-A8A9-426A-BE4E-7D42D05291AE}.Debug|Mixed Platforms.ActiveCfg = Debug|Any CPU
		{691EB18C-A8A9-426A-BE4E-7D42D05291AE}.Debug|Mixed Platforms.Build.0 = Debug|Any CPU
		{691EB18C-A8A9-426A-BE4E-7D42D05291AE}.Debug|x86.ActiveCfg = Debug|Any CPU
		{691EB18C-A8A9-426A-BE4E-7D42D05291AE}.Debug|x86.Build.0 = Debug|Any CPU
		{691EB18C-A8A9-426A-BE4E-7D42D05291AE}.Release|Any CPU.ActiveCfg = Release|Any CPU
		{691EB18C-A8A9-426A-BE4E-7D42D05291AE}.Release|Any CPU.Build.0 = Release|Any CPU
		{691EB18C-A8A9-426A-BE4E-7D42D05291AE}.Release|Mixed Platforms.ActiveCfg = Release|Any CPU
		{691EB18C-A8A9-426A-BE4E-7D42D05291AE}.Release|Mixed Platforms.Build.0 = Release|Any CPU
		{691EB18C-A8A9-426A-BE4E-7D42D05291AE}.Release|x86.ActiveCfg = Release|Any CPU
		{48B72B94-6AF8-4A38-8FB4-86C95732192F}.Debug|Any CPU.ActiveCfg = Debug|Any CPU
		{48B72B94-6AF8-4A38-8FB4-86C95732192F}.Debug|Any CPU.Build.0 = Debug|Any CPU
		{48B72B94-6AF8-4A38-8FB4-86C95732192F}.Debug|Mixed Platforms.ActiveCfg = Debug|Any CPU
		{48B72B94-6AF8-4A38-8FB4-86C95732192F}.Debug|Mixed Platforms.Build.0 = Debug|Any CPU
		{48B72B94-6AF8-4A38-8FB4-86C95732192F}.Debug|x86.ActiveCfg = Debug|Any CPU
		{48B72B94-6AF8-4A38-8FB4-86C95732192F}.Debug|x86.Build.0 = Debug|Any CPU
		{48B72B94-6AF8-4A38-8FB4-86C95732192F}.Release|Any CPU.ActiveCfg = Release|Any CPU
		{48B72B94-6AF8-4A38-8FB4-86C95732192F}.Release|Any CPU.Build.0 = Release|Any CPU
		{48B72B94-6AF8-4A38-8FB4-86C95732192F}.Release|Mixed Platforms.ActiveCfg = Release|Any CPU
		{48B72B94-6AF8-4A38-8FB4-86C95732192F}.Release|Mixed Platforms.Build.0 = Release|Any CPU
		{48B72B94-6AF8-4A38-8FB4-86C95732192F}.Release|x86.ActiveCfg = Release|Any CPU
		{0ACC9807-1967-4137-B1AA-7ECC172E0BF5}.Debug|Any CPU.ActiveCfg = Debug|Any CPU
		{0ACC9807-1967-4137-B1AA-7ECC172E0BF5}.Debug|Any CPU.Build.0 = Debug|Any CPU
		{0ACC9807-1967-4137-B1AA-7ECC172E0BF5}.Debug|Mixed Platforms.ActiveCfg = Debug|Any CPU
		{0ACC9807-1967-4137-B1AA-7ECC172E0BF5}.Debug|Mixed Platforms.Build.0 = Debug|Any CPU
		{0ACC9807-1967-4137-B1AA-7ECC172E0BF5}.Debug|x86.ActiveCfg = Debug|Any CPU
		{0ACC9807-1967-4137-B1AA-7ECC172E0BF5}.Debug|x86.Build.0 = Debug|Any CPU
		{0ACC9807-1967-4137-B1AA-7ECC172E0BF5}.Release|Any CPU.ActiveCfg = Release|Any CPU
		{0ACC9807-1967-4137-B1AA-7ECC172E0BF5}.Release|Any CPU.Build.0 = Release|Any CPU
		{0ACC9807-1967-4137-B1AA-7ECC172E0BF5}.Release|Mixed Platforms.ActiveCfg = Release|Any CPU
		{0ACC9807-1967-4137-B1AA-7ECC172E0BF5}.Release|Mixed Platforms.Build.0 = Release|Any CPU
		{0ACC9807-1967-4137-B1AA-7ECC172E0BF5}.Release|x86.ActiveCfg = Release|Any CPU
		{7E8D49C0-E2D6-4ED3-8185-EA1E98649565}.Debug|Any CPU.ActiveCfg = Debug|Any CPU
		{7E8D49C0-E2D6-4ED3-8185-EA1E98649565}.Debug|Any CPU.Build.0 = Debug|Any CPU
		{7E8D49C0-E2D6-4ED3-8185-EA1E98649565}.Debug|Mixed Platforms.ActiveCfg = Debug|Any CPU
		{7E8D49C0-E2D6-4ED3-8185-EA1E98649565}.Debug|Mixed Platforms.Build.0 = Debug|Any CPU
		{7E8D49C0-E2D6-4ED3-8185-EA1E98649565}.Debug|x86.ActiveCfg = Debug|Any CPU
		{7E8D49C0-E2D6-4ED3-8185-EA1E98649565}.Debug|x86.Build.0 = Debug|Any CPU
		{7E8D49C0-E2D6-4ED3-8185-EA1E98649565}.Release|Any CPU.ActiveCfg = Release|Any CPU
		{7E8D49C0-E2D6-4ED3-8185-EA1E98649565}.Release|Any CPU.Build.0 = Release|Any CPU
		{7E8D49C0-E2D6-4ED3-8185-EA1E98649565}.Release|Mixed Platforms.ActiveCfg = Release|Any CPU
		{7E8D49C0-E2D6-4ED3-8185-EA1E98649565}.Release|Mixed Platforms.Build.0 = Release|Any CPU
		{7E8D49C0-E2D6-4ED3-8185-EA1E98649565}.Release|x86.ActiveCfg = Release|Any CPU
		{D6B349E0-C610-449E-AFE9-1FEF49F11F45}.Debug|Any CPU.ActiveCfg = Debug|Any CPU
		{D6B349E0-C610-449E-AFE9-1FEF49F11F45}.Debug|Any CPU.Build.0 = Debug|Any CPU
		{D6B349E0-C610-449E-AFE9-1FEF49F11F45}.Debug|Mixed Platforms.ActiveCfg = Debug|Any CPU
		{D6B349E0-C610-449E-AFE9-1FEF49F11F45}.Debug|Mixed Platforms.Build.0 = Debug|Any CPU
		{D6B349E0-C610-449E-AFE9-1FEF49F11F45}.Debug|x86.ActiveCfg = Debug|Any CPU
		{D6B349E0-C610-449E-AFE9-1FEF49F11F45}.Debug|x86.Build.0 = Debug|Any CPU
		{D6B349E0-C610-449E-AFE9-1FEF49F11F45}.Release|Any CPU.ActiveCfg = Release|Any CPU
		{D6B349E0-C610-449E-AFE9-1FEF49F11F45}.Release|Any CPU.Build.0 = Release|Any CPU
		{D6B349E0-C610-449E-AFE9-1FEF49F11F45}.Release|Mixed Platforms.ActiveCfg = Release|Any CPU
		{D6B349E0-C610-449E-AFE9-1FEF49F11F45}.Release|Mixed Platforms.Build.0 = Release|Any CPU
		{D6B349E0-C610-449E-AFE9-1FEF49F11F45}.Release|x86.ActiveCfg = Release|Any CPU
		{FC2D5EB6-E37F-46B7-A3E6-374CBA380153}.Debug|Any CPU.ActiveCfg = Debug|Any CPU
		{FC2D5EB6-E37F-46B7-A3E6-374CBA380153}.Debug|Any CPU.Build.0 = Debug|Any CPU
		{FC2D5EB6-E37F-46B7-A3E6-374CBA380153}.Debug|Mixed Platforms.ActiveCfg = Debug|Any CPU
		{FC2D5EB6-E37F-46B7-A3E6-374CBA380153}.Debug|Mixed Platforms.Build.0 = Debug|Any CPU
		{FC2D5EB6-E37F-46B7-A3E6-374CBA380153}.Debug|x86.ActiveCfg = Debug|Any CPU
		{FC2D5EB6-E37F-46B7-A3E6-374CBA380153}.Release|Any CPU.ActiveCfg = Release|Any CPU
		{FC2D5EB6-E37F-46B7-A3E6-374CBA380153}.Release|Any CPU.Build.0 = Release|Any CPU
		{FC2D5EB6-E37F-46B7-A3E6-374CBA380153}.Release|Mixed Platforms.ActiveCfg = Release|Any CPU
		{FC2D5EB6-E37F-46B7-A3E6-374CBA380153}.Release|Mixed Platforms.Build.0 = Release|Any CPU
		{FC2D5EB6-E37F-46B7-A3E6-374CBA380153}.Release|x86.ActiveCfg = Release|Any CPU
	EndGlobalSection
	GlobalSection(SolutionProperties) = preSolution
		HideSolutionNode = FALSE
	EndGlobalSection
	GlobalSection(NestedProjects) = preSolution
		{5F2E8CC1-2D02-46EC-BC2D-27A3D6551F7C} = {BCD0950D-A360-45D4-B4B0-DF97D2689FFC}
		{D319E1AA-68BF-4932-9268-859AEAE0EA61} = {BCD0950D-A360-45D4-B4B0-DF97D2689FFC}
		{21C35F5D-07C3-4B42-9B86-33D85C3BC7B9} = {BCD0950D-A360-45D4-B4B0-DF97D2689FFC}
		{D86C8AE6-3344-4922-A742-99B707FAAEC7} = {BCD0950D-A360-45D4-B4B0-DF97D2689FFC}
		{E3F5C6C1-F50A-44EC-8037-C05068F4FA31} = {5F2E8CC1-2D02-46EC-BC2D-27A3D6551F7C}
		{8D5A9F6A-D0A4-4C13-A4C4-84DC0E9A91DA} = {5F2E8CC1-2D02-46EC-BC2D-27A3D6551F7C}
		{F18A2684-391C-4537-BEBA-C688286A69B3} = {5F2E8CC1-2D02-46EC-BC2D-27A3D6551F7C}
		{7D084DA7-8BE8-4D80-B431-933D94C3024E} = {5F2E8CC1-2D02-46EC-BC2D-27A3D6551F7C}
		{FAAB52DA-DF1D-486C-BFA2-4A36E16B1861} = {E3F5C6C1-F50A-44EC-8037-C05068F4FA31}
		{12E106D5-1621-4EA5-8102-A47653E49D38} = {E3F5C6C1-F50A-44EC-8037-C05068F4FA31}
		{17626BC2-8E11-4527-A356-EE71ED95E39D} = {8D5A9F6A-D0A4-4C13-A4C4-84DC0E9A91DA}
		{6C8F2454-131A-4592-ADEC-DA1818D9C387} = {8D5A9F6A-D0A4-4C13-A4C4-84DC0E9A91DA}
		{BD004EA1-3738-49C2-A139-CDBF25886033} = {8D5A9F6A-D0A4-4C13-A4C4-84DC0E9A91DA}
		{9848D638-8B92-44F7-B19B-E1223E93D625} = {21C35F5D-07C3-4B42-9B86-33D85C3BC7B9}
		{A7F81D5C-4BCA-44DD-932A-36BD88ADB19A} = {D86C8AE6-3344-4922-A742-99B707FAAEC7}
		{691EB18C-A8A9-426A-BE4E-7D42D05291AE} = {D86C8AE6-3344-4922-A742-99B707FAAEC7}
		{FC2D5EB6-E37F-46B7-A3E6-374CBA380153} = {D86C8AE6-3344-4922-A742-99B707FAAEC7}
		{48B72B94-6AF8-4A38-8FB4-86C95732192F} = {F18A2684-391C-4537-BEBA-C688286A69B3}
		{0ACC9807-1967-4137-B1AA-7ECC172E0BF5} = {F18A2684-391C-4537-BEBA-C688286A69B3}
		{7E8D49C0-E2D6-4ED3-8185-EA1E98649565} = {7D084DA7-8BE8-4D80-B431-933D94C3024E}
		{D6B349E0-C610-449E-AFE9-1FEF49F11F45} = {7D084DA7-8BE8-4D80-B431-933D94C3024E}
	EndGlobalSection
EndGlobal
